
Microsoft Visual Studio Solution File, Format Version 12.00
# Visual Studio 14
VisualStudioVersion = 14.0.25420.1
MinimumVisualStudioVersion = 10.0.40219.1
Project("{FAE04EC0-301F-11D3-BF4B-00C04F79EFBC}") = "JobApplication", "JobApplication\JobApplication.csproj", "{E1BFA3D6-E59B-4A9A-985E-1E1CDFDE95DD}"
EndProject
Project("{FAE04EC0-301F-11D3-BF4B-00C04F79EFBC}") = "JobApplication.Services", "JobApplication.Services\JobApplication.Services.csproj", "{F4C0AC84-3A40-4A6D-AC35-A8EFCBC89881}"
EndProject
Global
	GlobalSection(SolutionConfigurationPlatforms) = preSolution
		Debug|Any CPU = Debug|Any CPU
		Release|Any CPU = Release|Any CPU
	EndGlobalSection
	GlobalSection(ProjectConfigurationPlatforms) = postSolution
		{E1BFA3D6-E59B-4A9A-985E-1E1CDFDE95DD}.Debug|Any CPU.ActiveCfg = Debug|Any CPU
		{E1BFA3D6-E59B-4A9A-985E-1E1CDFDE95DD}.Debug|Any CPU.Build.0 = Debug|Any CPU
		{E1BFA3D6-E59B-4A9A-985E-1E1CDFDE95DD}.Release|Any CPU.ActiveCfg = Release|Any CPU
		{E1BFA3D6-E59B-4A9A-985E-1E1CDFDE95DD}.Release|Any CPU.Build.0 = Release|Any CPU
		{F4C0AC84-3A40-4A6D-AC35-A8EFCBC89881}.Debug|Any CPU.ActiveCfg = Debug|Any CPU
		{F4C0AC84-3A40-4A6D-AC35-A8EFCBC89881}.Debug|Any CPU.Build.0 = Debug|Any CPU
		{F4C0AC84-3A40-4A6D-AC35-A8EFCBC89881}.Release|Any CPU.ActiveCfg = Release|Any CPU
		{F4C0AC84-3A40-4A6D-AC35-A8EFCBC89881}.Release|Any CPU.Build.0 = Release|Any CPU
	EndGlobalSection
	GlobalSection(SolutionProperties) = preSolution
		HideSolutionNode = FALSE
	EndGlobalSection
EndGlobal
